
Microsoft Visual Studio Solution File, Format Version 12.00
Project("{FAE04EC0-301F-11D3-BF4B-00C04F79EFBC}") = "Web", "src\Web\Web.csproj", "{D9D02FF4-C5F7-478E-8B41-DBB7D0E320DB}"
EndProject
Global
	GlobalSection(SolutionConfigurationPlatforms) = preSolution
		Debug|Any CPU = Debug|Any CPU
		Release|Any CPU = Release|Any CPU
	EndGlobalSection
	GlobalSection(ProjectConfigurationPlatforms) = postSolution
		{D9D02FF4-C5F7-478E-8B41-DBB7D0E320DB}.Debug|Any CPU.ActiveCfg = Debug|Any CPU
		{D9D02FF4-C5F7-478E-8B41-DBB7D0E320DB}.Debug|Any CPU.Build.0 = Debug|Any CPU
		{D9D02FF4-C5F7-478E-8B41-DBB7D0E320DB}.Release|Any CPU.ActiveCfg = Release|Any CPU
		{D9D02FF4-C5F7-478E-8B41-DBB7D0E320DB}.Release|Any CPU.Build.0 = Release|Any CPU
	EndGlobalSection
EndGlobal
